
Microsoft Visual Studio Solution File, Format Version 12.00
# Visual Studio Version 17
VisualStudioVersion = 17.5.33530.505
MinimumVisualStudioVersion = 10.0.40219.1
Project("{FAE04EC0-301F-11D3-BF4B-00C04F79EFBC}") = "CachingWebService", "CachingWebService\CachingWebService.csproj", "{297CF6AE-95F9-4C24-B79E-C07EE7E13792}"
EndProject
Project("{FAE04EC0-301F-11D3-BF4B-00C04F79EFBC}") = "DataGenerator", "DataGenerator\DataGenerator.csproj", "{2B3A7F15-6B19-4072-931B-34D062FB9752}"
EndProject
Global
	GlobalSection(SolutionConfigurationPlatforms) = preSolution
		Debug|Any CPU = Debug|Any CPU
		Release|Any CPU = Release|Any CPU
	EndGlobalSection
	GlobalSection(ProjectConfigurationPlatforms) = postSolution
		{297CF6AE-95F9-4C24-B79E-C07EE7E13792}.Debug|Any CPU.ActiveCfg = Debug|Any CPU
		{297CF6AE-95F9-4C24-B79E-C07EE7E13792}.Debug|Any CPU.Build.0 = Debug|Any CPU
		{297CF6AE-95F9-4C24-B79E-C07EE7E13792}.Release|Any CPU.ActiveCfg = Release|Any CPU
		{297CF6AE-95F9-4C24-B79E-C07EE7E13792}.Release|Any CPU.Build.0 = Release|Any CPU
		{2B3A7F15-6B19-4072-931B-34D062FB9752}.Debug|Any CPU.ActiveCfg = Debug|Any CPU
		{2B3A7F15-6B19-4072-931B-34D062FB9752}.Debug|Any CPU.Build.0 = Debug|Any CPU
		{2B3A7F15-6B19-4072-931B-34D062FB9752}.Release|Any CPU.ActiveCfg = Release|Any CPU
		{2B3A7F15-6B19-4072-931B-34D062FB9752}.Release|Any CPU.Build.0 = Release|Any CPU
	EndGlobalSection
	GlobalSection(SolutionProperties) = preSolution
		HideSolutionNode = FALSE
	EndGlobalSection
	GlobalSection(ExtensibilityGlobals) = postSolution
		SolutionGuid = {86F02109-7DB1-4E9A-BF6B-A28A6B8F81FC}
	EndGlobalSection
EndGlobal
